
Microsoft Visual Studio Solution File, Format Version 12.00
# Visual Studio 15
VisualStudioVersion = 15.0.28307.757
MinimumVisualStudioVersion = 10.0.40219.1
Project("{FAE04EC0-301F-11D3-BF4B-00C04F79EFBC}") = "PearToPeer", "PearToPeer\PearToPeer.csproj", "{DDFC1AF2-AA41-4F5E-9831-E7FE31610048}"
EndProject
Project("{FAE04EC0-301F-11D3-BF4B-00C04F79EFBC}") = "Client", "Client\Client.csproj", "{F90DC5DD-A074-40A7-9516-0CFFE638BC72}"
EndProject
Project("{FAE04EC0-301F-11D3-BF4B-00C04F79EFBC}") = "Server", "Server\Server.csproj", "{50B6C65C-201A-4BD2-84EE-015428275F64}"
EndProject
Global
	GlobalSection(SolutionConfigurationPlatforms) = preSolution
		Debug|Any CPU = Debug|Any CPU
		Release|Any CPU = Release|Any CPU
	EndGlobalSection
	GlobalSection(ProjectConfigurationPlatforms) = postSolution
		{DDFC1AF2-AA41-4F5E-9831-E7FE31610048}.Debug|Any CPU.ActiveCfg = Debug|Any CPU
		{DDFC1AF2-AA41-4F5E-9831-E7FE31610048}.Debug|Any CPU.Build.0 = Debug|Any CPU
		{DDFC1AF2-AA41-4F5E-9831-E7FE31610048}.Release|Any CPU.ActiveCfg = Release|Any CPU
		{DDFC1AF2-AA41-4F5E-9831-E7FE31610048}.Release|Any CPU.Build.0 = Release|Any CPU
		{F90DC5DD-A074-40A7-9516-0CFFE638BC72}.Debug|Any CPU.ActiveCfg = Debug|Any CPU
		{F90DC5DD-A074-40A7-9516-0CFFE638BC72}.Debug|Any CPU.Build.0 = Debug|Any CPU
		{F90DC5DD-A074-40A7-9516-0CFFE638BC72}.Release|Any CPU.ActiveCfg = Release|Any CPU
		{F90DC5DD-A074-40A7-9516-0CFFE638BC72}.Release|Any CPU.Build.0 = Release|Any CPU
		{50B6C65C-201A-4BD2-84EE-015428275F64}.Debug|Any CPU.ActiveCfg = Debug|Any CPU
		{50B6C65C-201A-4BD2-84EE-015428275F64}.Debug|Any CPU.Build.0 = Debug|Any CPU
		{50B6C65C-201A-4BD2-84EE-015428275F64}.Release|Any CPU.ActiveCfg = Release|Any CPU
		{50B6C65C-201A-4BD2-84EE-015428275F64}.Release|Any CPU.Build.0 = Release|Any CPU
	EndGlobalSection
	GlobalSection(SolutionProperties) = preSolution
		HideSolutionNode = FALSE
	EndGlobalSection
	GlobalSection(ExtensibilityGlobals) = postSolution
		SolutionGuid = {14D0FC44-4B12-438C-BD9F-939D677D3890}
	EndGlobalSection
EndGlobal
